// !$*UTF8*$!
{
	archiveVersion = 1;
	classes = {
	};
	objectVersion = 50;
	objects = {

/* Begin PBXBuildFile section */
		00806BFA21106FDF002BC2EB /* AppDelegate.m in Sources */ = {isa = PBXBuildFile; fileRef = 00806BF921106FDF002BC2EB /* AppDelegate.m */; };
		00806BFD21106FDF002BC2EB /* FHSamplePlayerViewController.m in Sources */ = {isa = PBXBuildFile; fileRef = 00806BFC21106FDF002BC2EB /* FHSamplePlayerViewController.m */; };
		00806C0221106FE0002BC2EB /* Assets.xcassets in Resources */ = {isa = PBXBuildFile; fileRef = 00806C0121106FE0002BC2EB /* Assets.xcassets */; };
		00806C0521106FE0002BC2EB /* LaunchScreen.storyboard in Resources */ = {isa = PBXBuildFile; fileRef = 00806C0321106FE0002BC2EB /* LaunchScreen.storyboard */; };
		00806C0821106FE0002BC2EB /* main.m in Sources */ = {isa = PBXBuildFile; fileRef = 00806C0721106FE0002BC2EB /* main.m */; };
		00806C1021109151002BC2EB /* FHFunctionListViewController.m in Sources */ = {isa = PBXBuildFile; fileRef = 00806C0F21109151002BC2EB /* FHFunctionListViewController.m */; };
		00806C182111DA8D002BC2EB /* FHSamplePlayerViewController.xib in Resources */ = {isa = PBXBuildFile; fileRef = 00806C172111DA8D002BC2EB /* FHSamplePlayerViewController.xib */; };
		00806C1C2111DFDC002BC2EB /* FHControlView.xib in Resources */ = {isa = PBXBuildFile; fileRef = 00806C1B2111DFDC002BC2EB /* FHControlView.xib */; };
		00806C1F2111DFEF002BC2EB /* FHControlView.m in Sources */ = {isa = PBXBuildFile; fileRef = 00806C1E2111DFEF002BC2EB /* FHControlView.m */; };
		00D1BC7421340F3D000A5050 /* FHNavigationController.m in Sources */ = {isa = PBXBuildFile; fileRef = 00D1BC7321340F3D000A5050 /* FHNavigationController.m */; };
		00D1BC8B21354C10000A5050 /* libz.tbd in Frameworks */ = {isa = PBXBuildFile; fileRef = 00D1BC8A21354C10000A5050 /* libz.tbd */; };
		00D1BC8D21354C1D000A5050 /* libsqlite3.tbd in Frameworks */ = {isa = PBXBuildFile; fileRef = 00D1BC8C21354C1D000A5050 /* libsqlite3.tbd */; };
		00D1BC8F21354C2A000A5050 /* CoreTelephony.framework in Frameworks */ = {isa = PBXBuildFile; fileRef = 00D1BC8E21354C2A000A5050 /* CoreTelephony.framework */; };
		00D1BC9121354C30000A5050 /* SystemConfiguration.framework in Frameworks */ = {isa = PBXBuildFile; fileRef = 00D1BC9021354C30000A5050 /* SystemConfiguration.framework */; };
		00D1BC9321354D9B000A5050 /* UMCommon.framework in Frameworks */ = {isa = PBXBuildFile; fileRef = 00D1BC9221354D9B000A5050 /* UMCommon.framework */; };
		00D1BC9521354EDF000A5050 /* UMAnalytics.framework in Frameworks */ = {isa = PBXBuildFile; fileRef = 00D1BC9421354EDF000A5050 /* UMAnalytics.framework */; };
		00D1BC9821354EEC000A5050 /* UMCommonLog.framework in Frameworks */ = {isa = PBXBuildFile; fileRef = 00D1BC9621354EEC000A5050 /* UMCommonLog.framework */; };
		00D1BC9921354EEC000A5050 /* UMCommonLog.bundle in Resources */ = {isa = PBXBuildFile; fileRef = 00D1BC9721354EEC000A5050 /* UMCommonLog.bundle */; };
/* End PBXBuildFile section */

/* Begin PBXFileReference section */
		00806BF521106FDF002BC2EB /* AVPlayerIntroduce.app */ = {isa = PBXFileReference; explicitFileType = wrapper.application; includeInIndex = 0; path = AVPlayerIntroduce.app; sourceTree = BUILT_PRODUCTS_DIR; };
		00806BF821106FDF002BC2EB /* AppDelegate.h */ = {isa = PBXFileReference; lastKnownFileType = sourcecode.c.h; path = AppDelegate.h; sourceTree = "<group>"; };
		00806BF921106FDF002BC2EB /* AppDelegate.m */ = {isa = PBXFileReference; lastKnownFileType = sourcecode.c.objc; path = AppDelegate.m; sourceTree = "<group>"; };
		00806BFB21106FDF002BC2EB /* FHSamplePlayerViewController.h */ = {isa = PBXFileReference; lastKnownFileType = sourcecode.c.h; path = FHSamplePlayerViewController.h; sourceTree = "<group>"; };
		00806BFC21106FDF002BC2EB /* FHSamplePlayerViewController.m */ = {isa = PBXFileReference; lastKnownFileType = sourcecode.c.objc; path = FHSamplePlayerViewController.m; sourceTree = "<group>"; };
		00806C0121106FE0002BC2EB /* Assets.xcassets */ = {isa = PBXFileReference; lastKnownFileType = folder.assetcatalog; path = Assets.xcassets; sourceTree = "<group>"; };
		00806C0421106FE0002BC2EB /* Base */ = {isa = PBXFileReference; lastKnownFileType = file.storyboard; name = Base; path = Base.lproj/LaunchScreen.storyboard; sourceTree = "<group>"; };
		00806C0621106FE0002BC2EB /* Info.plist */ = {isa = PBXFileReference; lastKnownFileType = text.plist.xml; path = Info.plist; sourceTree = "<group>"; };
		00806C0721106FE0002BC2EB /* main.m */ = {isa = PBXFileReference; lastKnownFileType = sourcecode.c.objc; path = main.m; sourceTree = "<group>"; };
		00806C0E21109151002BC2EB /* FHFunctionListViewController.h */ = {isa = PBXFileReference; lastKnownFileType = sourcecode.c.h; path = FHFunctionListViewController.h; sourceTree = "<group>"; };
		00806C0F21109151002BC2EB /* FHFunctionListViewController.m */ = {isa = PBXFileReference; lastKnownFileType = sourcecode.c.objc; path = FHFunctionListViewController.m; sourceTree = "<group>"; };
		00806C172111DA8D002BC2EB /* FHSamplePlayerViewController.xib */ = {isa = PBXFileReference; lastKnownFileType = file.xib; path = FHSamplePlayerViewController.xib; sourceTree = "<group>"; };
		00806C1B2111DFDC002BC2EB /* FHControlView.xib */ = {isa = PBXFileReference; lastKnownFileType = file.xib; path = FHControlView.xib; sourceTree = "<group>"; };
		00806C1D2111DFEF002BC2EB /* FHControlView.h */ = {isa = PBXFileReference; lastKnownFileType = sourcecode.c.h; path = FHControlView.h; sourceTree = "<group>"; };
		00806C1E2111DFEF002BC2EB /* FHControlView.m */ = {isa = PBXFileReference; lastKnownFileType = sourcecode.c.objc; path = FHControlView.m; sourceTree = "<group>"; };
		00D1BC7221340F3D000A5050 /* FHNavigationController.h */ = {isa = PBXFileReference; lastKnownFileType = sourcecode.c.h; path = FHNavigationController.h; sourceTree = "<group>"; };
		00D1BC7321340F3D000A5050 /* FHNavigationController.m */ = {isa = PBXFileReference; lastKnownFileType = sourcecode.c.objc; path = FHNavigationController.m; sourceTree = "<group>"; };
		00D1BC8A21354C10000A5050 /* libz.tbd */ = {isa = PBXFileReference; lastKnownFileType = "sourcecode.text-based-dylib-definition"; name = libz.tbd; path = usr/lib/libz.tbd; sourceTree = SDKROOT; };
		00D1BC8C21354C1D000A5050 /* libsqlite3.tbd */ = {isa = PBXFileReference; lastKnownFileType = "sourcecode.text-based-dylib-definition"; name = libsqlite3.tbd; path = usr/lib/libsqlite3.tbd; sourceTree = SDKROOT; };
		00D1BC8E21354C2A000A5050 /* CoreTelephony.framework */ = {isa = PBXFileReference; lastKnownFileType = wrapper.framework; name = CoreTelephony.framework; path = System/Library/Frameworks/CoreTelephony.framework; sourceTree = SDKROOT; };
		00D1BC9021354C30000A5050 /* SystemConfiguration.framework */ = {isa = PBXFileReference; lastKnownFileType = wrapper.framework; name = SystemConfiguration.framework; path = System/Library/Frameworks/SystemConfiguration.framework; sourceTree = SDKROOT; };
		00D1BC9221354D9B000A5050 /* UMCommon.framework */ = {isa = PBXFileReference; lastKnownFileType = wrapper.framework; path = UMCommon.framework; sourceTree = "<group>"; };
		00D1BC9421354EDF000A5050 /* UMAnalytics.framework */ = {isa = PBXFileReference; lastKnownFileType = wrapper.framework; path = UMAnalytics.framework; sourceTree = "<group>"; };
		00D1BC9621354EEC000A5050 /* UMCommonLog.framework */ = {isa = PBXFileReference; lastKnownFileType = wrapper.framework; path = UMCommonLog.framework; sourceTree = "<group>"; };
		00D1BC9721354EEC000A5050 /* UMCommonLog.bundle */ = {isa = PBXFileReference; lastKnownFileType = "wrapper.plug-in"; path = UMCommonLog.bundle; sourceTree = "<group>"; };
/* End PBXFileReference section */

/* Begin PBXFrameworksBuildPhase section */
		00806BF221106FDF002BC2EB /* Frameworks */ = {
			isa = PBXFrameworksBuildPhase;
			buildActionMask = 2147483647;
			files = (
				00D1BC9321354D9B000A5050 /* UMCommon.framework in Frameworks */,
				00D1BC9121354C30000A5050 /* SystemConfiguration.framework in Frameworks */,
				00D1BC8F21354C2A000A5050 /* CoreTelephony.framework in Frameworks */,
				00D1BC8D21354C1D000A5050 /* libsqlite3.tbd in Frameworks */,
				00D1BC8B21354C10000A5050 /* libz.tbd in Frameworks */,
				00D1BC9521354EDF000A5050 /* UMAnalytics.framework in Frameworks */,
				00D1BC9821354EEC000A5050 /* UMCommonLog.framework in Frameworks */,
			);
			runOnlyForDeploymentPostprocessing = 0;
		};
/* End PBXFrameworksBuildPhase section */

/* Begin PBXGroup section */
		00806BEC21106FDF002BC2EB = {
			isa = PBXGroup;
			children = (
				00806BF721106FDF002BC2EB /* AVPlayerIntroduce */,
				00806BF621106FDF002BC2EB /* Products */,
				00D1BC8921354C10000A5050 /* Frameworks */,
			);
			sourceTree = "<group>";
		};
		00806BF621106FDF002BC2EB /* Products */ = {
			isa = PBXGroup;
			children = (
				00806BF521106FDF002BC2EB /* AVPlayerIntroduce.app */,
			);
			name = Products;
			sourceTree = "<group>";
		};
		00806BF721106FDF002BC2EB /* AVPlayerIntroduce */ = {
			isa = PBXGroup;
			children = (
				00806BF821106FDF002BC2EB /* AppDelegate.h */,
				00806BF921106FDF002BC2EB /* AppDelegate.m */,
				00D1BC7221340F3D000A5050 /* FHNavigationController.h */,
				00D1BC7321340F3D000A5050 /* FHNavigationController.m */,
				00806C1121109282002BC2EB /* 功能列表 */,
				00806C1221109296002BC2EB /* 做一个最简单的播放器 */,
				00D1BC7521354ABC000A5050 /* Libs */,
				00806C0121106FE0002BC2EB /* Assets.xcassets */,
				00806C0321106FE0002BC2EB /* LaunchScreen.storyboard */,
				00806C0621106FE0002BC2EB /* Info.plist */,
				00806C0721106FE0002BC2EB /* main.m */,
			);
			path = AVPlayerIntroduce;
			sourceTree = "<group>";
		};
		00806C1121109282002BC2EB /* 功能列表 */ = {
			isa = PBXGroup;
			children = (
				00806C0E21109151002BC2EB /* FHFunctionListViewController.h */,
				00806C0F21109151002BC2EB /* FHFunctionListViewController.m */,
			);
			path = "功能列表";
			sourceTree = "<group>";
		};
		00806C1221109296002BC2EB /* 做一个最简单的播放器 */ = {
			isa = PBXGroup;
			children = (
				00806C192111DDF5002BC2EB /* Controller */,
				00806C1A2111DE00002BC2EB /* View */,
			);
			path = "做一个最简单的播放器";
			sourceTree = "<group>";
		};
		00806C192111DDF5002BC2EB /* Controller */ = {
			isa = PBXGroup;
			children = (
				00806BFB21106FDF002BC2EB /* FHSamplePlayerViewController.h */,
				00806BFC21106FDF002BC2EB /* FHSamplePlayerViewController.m */,
				00806C172111DA8D002BC2EB /* FHSamplePlayerViewController.xib */,
			);
			path = Controller;
			sourceTree = "<group>";
		};
		00806C1A2111DE00002BC2EB /* View */ = {
			isa = PBXGroup;
			children = (
				00806C1D2111DFEF002BC2EB /* FHControlView.h */,
				00806C1E2111DFEF002BC2EB /* FHControlView.m */,
				00806C1B2111DFDC002BC2EB /* FHControlView.xib */,
			);
			path = View;
			sourceTree = "<group>";
		};
		00D1BC7521354ABC000A5050 /* Libs */ = {
			isa = PBXGroup;
			children = (
				00D1BC9721354EEC000A5050 /* UMCommonLog.bundle */,
				00D1BC9621354EEC000A5050 /* UMCommonLog.framework */,
				00D1BC9421354EDF000A5050 /* UMAnalytics.framework */,
				00D1BC9221354D9B000A5050 /* UMCommon.framework */,
			);
			path = Libs;
			sourceTree = "<group>";
		};
		00D1BC8921354C10000A5050 /* Frameworks */ = {
			isa = PBXGroup;
			children = (
				00D1BC9021354C30000A5050 /* SystemConfiguration.framework */,
				00D1BC8E21354C2A000A5050 /* CoreTelephony.framework */,
				00D1BC8C21354C1D000A5050 /* libsqlite3.tbd */,
				00D1BC8A21354C10000A5050 /* libz.tbd */,
			);
			name = Frameworks;
			sourceTree = "<group>";
		};
/* End PBXGroup section */

/* Begin PBXNativeTarget section */
		00806BF421106FDF002BC2EB /* AVPlayerIntroduce */ = {
			isa = PBXNativeTarget;
			buildConfigurationList = 00806C0B21106FE0002BC2EB /* Build configuration list for PBXNativeTarget "AVPlayerIntroduce" */;
			buildPhases = (
				00806BF121106FDF002BC2EB /* Sources */,
				00806BF221106FDF002BC2EB /* Frameworks */,
				00806BF321106FDF002BC2EB /* Resources */,
			);
			buildRules = (
			);
			dependencies = (
			);
			name = AVPlayerIntroduce;
			productName = AVPlayerIntroduce;
			productReference = 00806BF521106FDF002BC2EB /* AVPlayerIntroduce.app */;
			productType = "com.apple.product-type.application";
		};
/* End PBXNativeTarget section */

/* Begin PBXProject section */
		00806BED21106FDF002BC2EB /* Project object */ = {
			isa = PBXProject;
			attributes = {
				LastUpgradeCheck = 0940;
				ORGANIZATIONNAME = wechat;
				TargetAttributes = {
					00806BF421106FDF002BC2EB = {
						CreatedOnToolsVersion = 9.4.1;
					};
				};
			};
			buildConfigurationList = 00806BF021106FDF002BC2EB /* Build configuration list for PBXProject "AVPlayerIntroduce" */;
			compatibilityVersion = "Xcode 9.3";
			developmentRegion = en;
			hasScannedForEncodings = 0;
			knownRegions = (
				en,
				Base,
			);
			mainGroup = 00806BEC21106FDF002BC2EB;
			productRefGroup = 00806BF621106FDF002BC2EB /* Products */;
			projectDirPath = "";
			projectRoot = "";
			targets = (
				00806BF421106FDF002BC2EB /* AVPlayerIntroduce */,
			);
		};
/* End PBXProject section */

/* Begin PBXResourcesBuildPhase section */
		00806BF321106FDF002BC2EB /* Resources */ = {
			isa = PBXResourcesBuildPhase;
			buildActionMask = 2147483647;
			files = (
				00806C0521106FE0002BC2EB /* LaunchScreen.storyboard in Resources */,
				00806C1C2111DFDC002BC2EB /* FHControlView.xib in Resources */,
				00806C0221106FE0002BC2EB /* Assets.xcassets in Resources */,
				00806C182111DA8D002BC2EB /* FHSamplePlayerViewController.xib in Resources */,
				00D1BC9921354EEC000A5050 /* UMCommonLog.bundle in Resources */,
			);
			runOnlyForDeploymentPostprocessing = 0;
		};
/* End PBXResourcesBuildPhase section */

/* Begin PBXSourcesBuildPhase section */
		00806BF121106FDF002BC2EB /* Sources */ = {
			isa = PBXSourcesBuildPhase;
			buildActionMask = 2147483647;
			files = (
				00806C1021109151002BC2EB /* FHFunctionListViewController.m in Sources */,
				00806BFD21106FDF002BC2EB /* FHSamplePlayerViewController.m in Sources */,
				00806C0821106FE0002BC2EB /* main.m in Sources */,
				00D1BC7421340F3D000A5050 /* FHNavigationController.m in Sources */,
				00806C1F2111DFEF002BC2EB /* FHControlView.m in Sources */,
				00806BFA21106FDF002BC2EB /* AppDelegate.m in Sources */,
			);
			runOnlyForDeploymentPostprocessing = 0;
		};
/* End PBXSourcesBuildPhase section */

/* Begin PBXVariantGroup section */
		00806C0321106FE0002BC2EB /* LaunchScreen.storyboard */ = {
			isa = PBXVariantGroup;
			children = (
				00806C0421106FE0002BC2EB /* Base */,
			);
			name = LaunchScreen.storyboard;
			sourceTree = "<group>";
		};
/* End PBXVariantGroup section */

/* Begin XCBuildConfiguration section */
		00806C0921106FE0002BC2EB /* Debug */ = {
			isa = XCBuildConfiguration;
			buildSettings = {
				ALWAYS_SEARCH_USER_PATHS = NO;
				CLANG_ANALYZER_NONNULL = YES;
				CLANG_ANALYZER_NUMBER_OBJECT_CONVERSION = YES_AGGRESSIVE;
				CLANG_CXX_LANGUAGE_STANDARD = "gnu++14";
				CLANG_CXX_LIBRARY = "libc++";
				CLANG_ENABLE_MODULES = YES;
				CLANG_ENABLE_OBJC_ARC = YES;
				CLANG_ENABLE_OBJC_WEAK = YES;
				CLANG_WARN_BLOCK_CAPTURE_AUTORELEASING = YES;
				CLANG_WARN_BOOL_CONVERSION = YES;
				CLANG_WARN_COMMA = YES;
				CLANG_WARN_CONSTANT_CONVERSION = YES;
				CLANG_WARN_DEPRECATED_OBJC_IMPLEMENTATIONS = YES;
				CLANG_WARN_DIRECT_OBJC_ISA_USAGE = YES_ERROR;
				CLANG_WARN_DOCUMENTATION_COMMENTS = YES;
				CLANG_WARN_EMPTY_BODY = YES;
				CLANG_WARN_ENUM_CONVERSION = YES;
				CLANG_WARN_INFINITE_RECURSION = YES;
				CLANG_WARN_INT_CONVERSION = YES;
				CLANG_WARN_NON_LITERAL_NULL_CONVERSION = YES;
				CLANG_WARN_OBJC_IMPLICIT_RETAIN_SELF = YES;
				CLANG_WARN_OBJC_LITERAL_CONVERSION = YES;
				CLANG_WARN_OBJC_ROOT_CLASS = YES_ERROR;
				CLANG_WARN_RANGE_LOOP_ANALYSIS = YES;
				CLANG_WARN_STRICT_PROTOTYPES = YES;
				CLANG_WARN_SUSPICIOUS_MOVE = YES;
				CLANG_WARN_UNGUARDED_AVAILABILITY = YES_AGGRESSIVE;
				CLANG_WARN_UNREACHABLE_CODE = YES;
				CLANG_WARN__DUPLICATE_METHOD_MATCH = YES;
				CODE_SIGN_IDENTITY = "iPhone Developer";
				COPY_PHASE_STRIP = NO;
				DEBUG_INFORMATION_FORMAT = dwarf;
				ENABLE_STRICT_OBJC_MSGSEND = YES;
				ENABLE_TESTABILITY = YES;
				GCC_C_LANGUAGE_STANDARD = gnu11;
				GCC_DYNAMIC_NO_PIC = NO;
				GCC_NO_COMMON_BLOCKS = YES;
				GCC_OPTIMIZATION_LEVEL = 0;
				GCC_PREPROCESSOR_DEFINITIONS = (
					"DEBUG=1",
					"$(inherited)",
				);
				GCC_WARN_64_TO_32_BIT_CONVERSION = YES;
				GCC_WARN_ABOUT_RETURN_TYPE = YES_ERROR;
				GCC_WARN_UNDECLARED_SELECTOR = YES;
				GCC_WARN_UNINITIALIZED_AUTOS = YES_AGGRESSIVE;
				GCC_WARN_UNUSED_FUNCTION = YES;
				GCC_WARN_UNUSED_VARIABLE = YES;
				IPHONEOS_DEPLOYMENT_TARGET = 11.4;
				MTL_ENABLE_DEBUG_INFO = YES;
				ONLY_ACTIVE_ARCH = YES;
				SDKROOT = iphoneos;
			};
			name = Debug;
		};
		00806C0A21106FE0002BC2EB /* Release */ = {
			isa = XCBuildConfiguration;
			buildSettings = {
				ALWAYS_SEARCH_USER_PATHS = NO;
				CLANG_ANALYZER_NONNULL = YES;
				CLANG_ANALYZER_NUMBER_OBJECT_CONVERSION = YES_AGGRESSIVE;
				CLANG_CXX_LANGUAGE_STANDARD = "gnu++14";
				CLANG_CXX_LIBRARY = "libc++";
				CLANG_ENABLE_MODULES = YES;
				CLANG_ENABLE_OBJC_ARC = YES;
				CLANG_ENABLE_OBJC_WEAK = YES;
				CLANG_WARN_BLOCK_CAPTURE_AUTORELEASING = YES;
				CLANG_WARN_BOOL_CONVERSION = YES;
				CLANG_WARN_COMMA = YES;
				CLANG_WARN_CONSTANT_CONVERSION = YES;
				CLANG_WARN_DEPRECATED_OBJC_IMPLEMENTATIONS = YES;
				CLANG_WARN_DIRECT_OBJC_ISA_USAGE = YES_ERROR;
				CLANG_WARN_DOCUMENTATION_COMMENTS = YES;
				CLANG_WARN_EMPTY_BODY = YES;
				CLANG_WARN_ENUM_CONVERSION = YES;
				CLANG_WARN_INFINITE_RECURSION = YES;
				CLANG_WARN_INT_CONVERSION = YES;
				CLANG_WARN_NON_LITERAL_NULL_CONVERSION = YES;
				CLANG_WARN_OBJC_IMPLICIT_RETAIN_SELF = YES;
				CLANG_WARN_OBJC_LITERAL_CONVERSION = YES;
				CLANG_WARN_OBJC_ROOT_CLASS = YES_ERROR;
				CLANG_WARN_RANGE_LOOP_ANALYSIS = YES;
				CLANG_WARN_STRICT_PROTOTYPES = YES;
				CLANG_WARN_SUSPICIOUS_MOVE = YES;
				CLANG_WARN_UNGUARDED_AVAILABILITY = YES_AGGRESSIVE;
				CLANG_WARN_UNREACHABLE_CODE = YES;
				CLANG_WARN__DUPLICATE_METHOD_MATCH = YES;
				CODE_SIGN_IDENTITY = "iPhone Developer";
				COPY_PHASE_STRIP = NO;
				DEBUG_INFORMATION_FORMAT = "dwarf-with-dsym";
				ENABLE_NS_ASSERTIONS = NO;
				ENABLE_STRICT_OBJC_MSGSEND = YES;
				GCC_C_LANGUAGE_STANDARD = gnu11;
				GCC_NO_COMMON_BLOCKS = YES;
				GCC_WARN_64_TO_32_BIT_CONVERSION = YES;
				GCC_WARN_ABOUT_RETURN_TYPE = YES_ERROR;
				GCC_WARN_UNDECLARED_SELECTOR = YES;
				GCC_WARN_UNINITIALIZED_AUTOS = YES_AGGRESSIVE;
				GCC_WARN_UNUSED_FUNCTION = YES;
				GCC_WARN_UNUSED_VARIABLE = YES;
				IPHONEOS_DEPLOYMENT_TARGET = 11.4;
				MTL_ENABLE_DEBUG_INFO = NO;
				SDKROOT = iphoneos;
				VALIDATE_PRODUCT = YES;
			};
			name = Release;
		};
		00806C0C21106FE0002BC2EB /* Debug */ = {
			isa = XCBuildConfiguration;
			buildSettings = {
				ASSETCATALOG_COMPILER_APPICON_NAME = AppIcon;
				CODE_SIGN_IDENTITY = "iPhone Developer";
				CODE_SIGN_STYLE = Automatic;
				DEVELOPMENT_TEAM = ZGA994BAL6;
				FRAMEWORK_SEARCH_PATHS = (
					"$(inherited)",
					"$(PROJECT_DIR)/AVPlayerIntroduce/Libs/New\\ Group",
					"$(PROJECT_DIR)/AVPlayerIntroduce/Libs",
				);
				INFOPLIST_FILE = AVPlayerIntroduce/Info.plist;
				IPHONEOS_DEPLOYMENT_TARGET = 9.0;
				LD_RUNPATH_SEARCH_PATHS = (
					"$(inherited)",
					"@executable_path/Frameworks",
				);
				PRODUCT_BUNDLE_IDENTIFIER = com.fuhang.AVPlayerIntroduce;
				PRODUCT_NAME = "$(TARGET_NAME)";
				PROVISIONING_PROFILE_SPECIFIER = "";
				TARGETED_DEVICE_FAMILY = 1;
			};
			name = Debug;
		};
		00806C0D21106FE0002BC2EB /* Release */ = {
			isa = XCBuildConfiguration;
			buildSettings = {
				ASSETCATALOG_COMPILER_APPICON_NAME = AppIcon;
				CODE_SIGN_IDENTITY = "iPhone Developer";
				CODE_SIGN_STYLE = Automatic;
				DEVELOPMENT_TEAM = ZGA994BAL6;
				FRAMEWORK_SEARCH_PATHS = (
					"$(inherited)",
					"$(PROJECT_DIR)/AVPlayerIntroduce/Libs/New\\ Group",
					"$(PROJECT_DIR)/AVPlayerIntroduce/Libs",
				);
				INFOPLIST_FILE = AVPlayerIntroduce/Info.plist;
				IPHONEOS_DEPLOYMENT_TARGET = 9.0;
				LD_RUNPATH_SEARCH_PATHS = (
					"$(inherited)",
					"@executable_path/Frameworks",
				);
				PRODUCT_BUNDLE_IDENTIFIER = com.fuhang.AVPlayerIntroduce;
				PRODUCT_NAME = "$(TARGET_NAME)";
				PROVISIONING_PROFILE_SPECIFIER = "";
				TARGETED_DEVICE_FAMILY = 1;
			};
			name = Release;
		};
/* End XCBuildConfiguration section */

/* Begin XCConfigurationList section */
		00806BF021106FDF002BC2EB /* Build configuration list for PBXProject "AVPlayerIntroduce" */ = {
			isa = XCConfigurationList;
			buildConfigurations = (
				00806C0921106FE0002BC2EB /* Debug */,
				00806C0A21106FE0002BC2EB /* Release */,
			);
			defaultConfigurationIsVisible = 0;
			defaultConfigurationName = Release;
		};
		00806C0B21106FE0002BC2EB /* Build configuration list for PBXNativeTarget "AVPlayerIntroduce" */ = {
			isa = XCConfigurationList;
			buildConfigurations = (
				00806C0C21106FE0002BC2EB /* Debug */,
				00806C0D21106FE0002BC2EB /* Release */,
			);
			defaultConfigurationIsVisible = 0;
			defaultConfigurationName = Release;
		};
/* End XCConfigurationList section */
	};
	rootObject = 00806BED21106FDF002BC2EB /* Project object */;
}
